
Microsoft Visual Studio Solution File, Format Version 12.00
# Visual Studio Version 16
VisualStudioVersion = 16.0.30907.101
MinimumVisualStudioVersion = 10.0.40219.1
Project("{9A19103F-16F7-4668-BE54-9A1E7A4F7556}") = "DataAccess", "DataAccess\DataAccess.csproj", "{5483EB3E-73C1-4A81-ACE4-107E89358A79}"
EndProject
Project("{9A19103F-16F7-4668-BE54-9A1E7A4F7556}") = "Business", "Business\Business.csproj", "{E28B6012-565F-4D01-A205-6A41B03E057E}"
EndProject
Project("{9A19103F-16F7-4668-BE54-9A1E7A4F7556}") = "Entities", "Entities\Entities.csproj", "{A00CD57C-BA66-4F98-AA65-1EBBC384B820}"
EndProject
Project("{9A19103F-16F7-4668-BE54-9A1E7A4F7556}") = "ConsoleUI", "ConsoleUI\ConsoleUI.csproj", "{50779AB4-2539-4DA5-A7E6-DE3F805AFC8B}"
EndProject
Project("{9A19103F-16F7-4668-BE54-9A1E7A4F7556}") = "Core", "Core\Core.csproj", "{FC917409-60D8-40D6-93DC-918EC6E135DC}"
EndProject
Project("{FAE04EC0-301F-11D3-BF4B-00C04F79EFBC}") = "WebAPI", "WebAPI\WebAPI.csproj", "{6684B8E6-F487-433F-B216-A843CA5550BC}"
EndProject
Global
	GlobalSection(SolutionConfigurationPlatforms) = preSolution
		Debug|Any CPU = Debug|Any CPU
		Release|Any CPU = Release|Any CPU
	EndGlobalSection
	GlobalSection(ProjectConfigurationPlatforms) = postSolution
		{5483EB3E-73C1-4A81-ACE4-107E89358A79}.Debug|Any CPU.ActiveCfg = Debug|Any CPU
		{5483EB3E-73C1-4A81-ACE4-107E89358A79}.Debug|Any CPU.Build.0 = Debug|Any CPU
		{5483EB3E-73C1-4A81-ACE4-107E89358A79}.Release|Any CPU.ActiveCfg = Release|Any CPU
		{5483EB3E-73C1-4A81-ACE4-107E89358A79}.Release|Any CPU.Build.0 = Release|Any CPU
		{E28B6012-565F-4D01-A205-6A41B03E057E}.Debug|Any CPU.ActiveCfg = Debug|Any CPU
		{E28B6012-565F-4D01-A205-6A41B03E057E}.Debug|Any CPU.Build.0 = Debug|Any CPU
		{E28B6012-565F-4D01-A205-6A41B03E057E}.Release|Any CPU.ActiveCfg = Release|Any CPU
		{E28B6012-565F-4D01-A205-6A41B03E057E}.Release|Any CPU.Build.0 = Release|Any CPU
		{A00CD57C-BA66-4F98-AA65-1EBBC384B820}.Debug|Any CPU.ActiveCfg = Debug|Any CPU
		{A00CD57C-BA66-4F98-AA65-1EBBC384B820}.Debug|Any CPU.Build.0 = Debug|Any CPU
		{A00CD57C-BA66-4F98-AA65-1EBBC384B820}.Release|Any CPU.ActiveCfg = Release|Any CPU
		{A00CD57C-BA66-4F98-AA65-1EBBC384B820}.Release|Any CPU.Build.0 = Release|Any CPU
		{50779AB4-2539-4DA5-A7E6-DE3F805AFC8B}.Debug|Any CPU.ActiveCfg = Debug|Any CPU
		{50779AB4-2539-4DA5-A7E6-DE3F805AFC8B}.Debug|Any CPU.Build.0 = Debug|Any CPU
		{50779AB4-2539-4DA5-A7E6-DE3F805AFC8B}.Release|Any CPU.ActiveCfg = Release|Any CPU
		{50779AB4-2539-4DA5-A7E6-DE3F805AFC8B}.Release|Any CPU.Build.0 = Release|Any CPU
		{FC917409-60D8-40D6-93DC-918EC6E135DC}.Debug|Any CPU.ActiveCfg = Debug|Any CPU
		{FC917409-60D8-40D6-93DC-918EC6E135DC}.Debug|Any CPU.Build.0 = Debug|Any CPU
		{FC917409-60D8-40D6-93DC-918EC6E135DC}.Release|Any CPU.ActiveCfg = Release|Any CPU
		{FC917409-60D8-40D6-93DC-918EC6E135DC}.Release|Any CPU.Build.0 = Release|Any CPU
		{6684B8E6-F487-433F-B216-A843CA5550BC}.Debug|Any CPU.ActiveCfg = Debug|Any CPU
		{6684B8E6-F487-433F-B216-A843CA5550BC}.Debug|Any CPU.Build.0 = Debug|Any CPU
		{6684B8E6-F487-433F-B216-A843CA5550BC}.Release|Any CPU.ActiveCfg = Release|Any CPU
		{6684B8E6-F487-433F-B216-A843CA5550BC}.Release|Any CPU.Build.0 = Release|Any CPU
	EndGlobalSection
	GlobalSection(SolutionProperties) = preSolution
		HideSolutionNode = FALSE
	EndGlobalSection
	GlobalSection(ExtensibilityGlobals) = postSolution
		SolutionGuid = {51A733FD-B40D-47B5-ABAE-F795F16416E1}
	EndGlobalSection
EndGlobal
